
Microsoft Visual Studio Solution File, Format Version 12.00
# Visual Studio Version 17
VisualStudioVersion = 17.4.33110.190
MinimumVisualStudioVersion = 10.0.40219.1
Project("{FAE04EC0-301F-11D3-BF4B-00C04F79EFBC}") = "WorkerList", "WorkerList.csproj", "{8447E923-B003-4E90-951E-ED2F73B19D5C}"
EndProject
Global
	GlobalSection(SolutionConfigurationPlatforms) = preSolution
		Debug|Any CPU = Debug|Any CPU
		Release|Any CPU = Release|Any CPU
	EndGlobalSection
	GlobalSection(ProjectConfigurationPlatforms) = postSolution
		{8447E923-B003-4E90-951E-ED2F73B19D5C}.Debug|Any CPU.ActiveCfg = Debug|Any CPU
		{8447E923-B003-4E90-951E-ED2F73B19D5C}.Debug|Any CPU.Build.0 = Debug|Any CPU
		{8447E923-B003-4E90-951E-ED2F73B19D5C}.Release|Any CPU.ActiveCfg = Release|Any CPU
		{8447E923-B003-4E90-951E-ED2F73B19D5C}.Release|Any CPU.Build.0 = Release|Any CPU
	EndGlobalSection
	GlobalSection(SolutionProperties) = preSolution
		HideSolutionNode = FALSE
	EndGlobalSection
	GlobalSection(ExtensibilityGlobals) = postSolution
		SolutionGuid = {61B9A641-AE7E-4229-B575-ABDF0871BA41}
	EndGlobalSection
EndGlobal
